
Microsoft Visual Studio Solution File, Format Version 12.00
# Visual Studio Version 17
VisualStudioVersion = 17.7.34221.43
MinimumVisualStudioVersion = 10.0.40219.1
Project("{FAE04EC0-301F-11D3-BF4B-00C04F79EFBC}") = "Glasanje", "Glasanje\Glasanje.csproj", "{F4E9076E-16C4-49E6-B0D9-B6B5F362A8FD}"
EndProject
Global
	GlobalSection(SolutionConfigurationPlatforms) = preSolution
		Debug|Any CPU = Debug|Any CPU
		Release|Any CPU = Release|Any CPU
	EndGlobalSection
	GlobalSection(ProjectConfigurationPlatforms) = postSolution
		{F4E9076E-16C4-49E6-B0D9-B6B5F362A8FD}.Debug|Any CPU.ActiveCfg = Debug|Any CPU
		{F4E9076E-16C4-49E6-B0D9-B6B5F362A8FD}.Debug|Any CPU.Build.0 = Debug|Any CPU
		{F4E9076E-16C4-49E6-B0D9-B6B5F362A8FD}.Release|Any CPU.ActiveCfg = Release|Any CPU
		{F4E9076E-16C4-49E6-B0D9-B6B5F362A8FD}.Release|Any CPU.Build.0 = Release|Any CPU
	EndGlobalSection
	GlobalSection(SolutionProperties) = preSolution
		HideSolutionNode = FALSE
	EndGlobalSection
	GlobalSection(ExtensibilityGlobals) = postSolution
		SolutionGuid = {980B4E63-5809-4EB1-A1A0-A26ED210587E}
	EndGlobalSection
EndGlobal
